
Microsoft Visual Studio Solution File, Format Version 12.00
# Visual Studio 15
VisualStudioVersion = 15.0.28307.645
MinimumVisualStudioVersion = 10.0.40219.1
Project("{FAE04EC0-301F-11D3-BF4B-00C04F79EFBC}") = "CloudApi", "CloudApi\CloudApi.csproj", "{90D6272D-23A8-4D74-962E-F3469EF05183}"
EndProject
Global
	GlobalSection(SolutionConfigurationPlatforms) = preSolution
		Debug|Any CPU = Debug|Any CPU
		Release|Any CPU = Release|Any CPU
	EndGlobalSection
	GlobalSection(ProjectConfigurationPlatforms) = postSolution
		{90D6272D-23A8-4D74-962E-F3469EF05183}.Debug|Any CPU.ActiveCfg = Debug|Any CPU
		{90D6272D-23A8-4D74-962E-F3469EF05183}.Debug|Any CPU.Build.0 = Debug|Any CPU
		{90D6272D-23A8-4D74-962E-F3469EF05183}.Release|Any CPU.ActiveCfg = Release|Any CPU
		{90D6272D-23A8-4D74-962E-F3469EF05183}.Release|Any CPU.Build.0 = Release|Any CPU
	EndGlobalSection
	GlobalSection(SolutionProperties) = preSolution
		HideSolutionNode = FALSE
	EndGlobalSection
	GlobalSection(ExtensibilityGlobals) = postSolution
		SolutionGuid = {3054ECD8-6313-4108-AEB0-91E4B0DE371C}
	EndGlobalSection
EndGlobal
